
Microsoft Visual Studio Solution File, Format Version 12.00
# Visual Studio 15
Project("{FAE04EC0-301F-11D3-BF4B-00C04F79EFBC}") = "UnityEngine.UI", "UnityEngine.UI.csproj", "{CC554FA1-349A-C79F-C173-129CDCE1A65A}"
EndProject
Project("{FAE04EC0-301F-11D3-BF4B-00C04F79EFBC}") = "Assembly-CSharp", "Assembly-CSharp.csproj", "{A39F5B98-82CB-05F7-5DB8-671765E482C2}"
EndProject
Project("{FAE04EC0-301F-11D3-BF4B-00C04F79EFBC}") = "Unity.RenderPipelines.Core.Runtime", "Unity.RenderPipelines.Core.Runtime.csproj", "{0BD50F0A-D95A-F652-CC84-B50B7355A739}"
EndProject
Project("{FAE04EC0-301F-11D3-BF4B-00C04F79EFBC}") = "UnityEngine.TestRunner", "UnityEngine.TestRunner.csproj", "{9DC1B531-9BDF-667B-DF52-3DE11B76A5C2}"
EndProject
Project("{FAE04EC0-301F-11D3-BF4B-00C04F79EFBC}") = "Unity.Mathematics", "Unity.Mathematics.csproj", "{DD31A249-9E55-026C-C80C-2C602FF0E7ED}"
EndProject
Project("{FAE04EC0-301F-11D3-BF4B-00C04F79EFBC}") = "Unity.InputSystem", "Unity.InputSystem.csproj", "{3484275A-C178-BEE2-098B-66563FB831DB}"
EndProject
Project("{FAE04EC0-301F-11D3-BF4B-00C04F79EFBC}") = "Unity.RenderPipelines.Universal.Runtime", "Unity.RenderPipelines.Universal.Runtime.csproj", "{E7F9B5EE-6577-05F3-E9B2-B36DB49599FE}"
EndProject
Project("{FAE04EC0-301F-11D3-BF4B-00C04F79EFBC}") = "Unity.Postprocessing.Runtime", "Unity.Postprocessing.Runtime.csproj", "{9EE6B6BB-D20A-4383-9450-11F65B2762F8}"
EndProject
Project("{FAE04EC0-301F-11D3-BF4B-00C04F79EFBC}") = "UnityEngine.Monetization", "UnityEngine.Monetization.csproj", "{52316A1E-5DDA-04FC-5598-031715150921}"
EndProject
Project("{FAE04EC0-301F-11D3-BF4B-00C04F79EFBC}") = "Unity.Animation.Rigging", "Unity.Animation.Rigging.csproj", "{B8573D2C-3880-2FDC-AC16-85CDBEA918B7}"
EndProject
Project("{FAE04EC0-301F-11D3-BF4B-00C04F79EFBC}") = "Unity.Burst", "Unity.Burst.csproj", "{781AFE80-A6BF-6A62-A8B1-998CBE8A7258}"
EndProject
Project("{FAE04EC0-301F-11D3-BF4B-00C04F79EFBC}") = "Unity.TextMeshPro", "Unity.TextMeshPro.csproj", "{360AFE6A-70F4-BB0B-9FDB-6956CFFCE023}"
EndProject
Project("{FAE04EC0-301F-11D3-BF4B-00C04F79EFBC}") = "UnityEngine.Advertisements", "UnityEngine.Advertisements.csproj", "{F4D7CD88-EC55-7152-A2F3-ACB0EC584555}"
EndProject
Project("{FAE04EC0-301F-11D3-BF4B-00C04F79EFBC}") = "Unity.ProBuilder.Poly2Tri", "Unity.ProBuilder.Poly2Tri.csproj", "{FDF8C7A3-54E5-A359-A5D6-E0F4721BADF0}"
EndProject
Project("{FAE04EC0-301F-11D3-BF4B-00C04F79EFBC}") = "Cinemachine", "Cinemachine.csproj", "{88CF0AB4-503D-89CA-EFCD-A81D2E860DE6}"
EndProject
Project("{FAE04EC0-301F-11D3-BF4B-00C04F79EFBC}") = "Unity.Timeline", "Unity.Timeline.csproj", "{F7859F6A-3E26-E318-3854-CC2C321F317F}"
EndProject
Project("{FAE04EC0-301F-11D3-BF4B-00C04F79EFBC}") = "Unity.ProBuilder", "Unity.ProBuilder.csproj", "{6223022A-657A-36A0-C703-185BFB076E18}"
EndProject
Project("{FAE04EC0-301F-11D3-BF4B-00C04F79EFBC}") = "Unity.ProGrids", "Unity.ProGrids.csproj", "{5763EB44-A4E2-969C-5223-E67119F11559}"
EndProject
Project("{FAE04EC0-301F-11D3-BF4B-00C04F79EFBC}") = "Unity.ProBuilder.Csg", "Unity.ProBuilder.Csg.csproj", "{E8AF0E48-A9FD-B103-ED7D-E668FB0505C1}"
EndProject
Project("{FAE04EC0-301F-11D3-BF4B-00C04F79EFBC}") = "Unity.ProBuilder.KdTree", "Unity.ProBuilder.KdTree.csproj", "{CACAF00D-C8AD-727E-31AA-CB970BF41FE8}"
EndProject
Project("{FAE04EC0-301F-11D3-BF4B-00C04F79EFBC}") = "Unity.RenderPipelines.Core.ShaderLibrary", "Unity.RenderPipelines.Core.ShaderLibrary.csproj", "{9769C0C1-B7C9-DD07-8508-7C2649E1855B}"
EndProject
Project("{FAE04EC0-301F-11D3-BF4B-00C04F79EFBC}") = "Unity.RenderPipeline.Universal.ShaderLibrary", "Unity.RenderPipeline.Universal.ShaderLibrary.csproj", "{77BD39D1-82B4-14EE-612B-217A2290946D}"
EndProject
Project("{FAE04EC0-301F-11D3-BF4B-00C04F79EFBC}") = "Unity.ProBuilder.Stl", "Unity.ProBuilder.Stl.csproj", "{8516E099-6134-1627-90FE-93751D2C8DA6}"
EndProject
Project("{FAE04EC0-301F-11D3-BF4B-00C04F79EFBC}") = "Unity.RenderPipelines.Universal.Shaders", "Unity.RenderPipelines.Universal.Shaders.csproj", "{A9C4FE3B-9D5E-0A64-9F62-6CF7823D0B01}"
EndProject
Project("{FAE04EC0-301F-11D3-BF4B-00C04F79EFBC}") = "Unity.RenderPipelines.ShaderGraph.ShaderGraphLibrary", "Unity.RenderPipelines.ShaderGraph.ShaderGraphLibrary.csproj", "{ED3B0524-6038-A0BD-ADE3-F5DB28BDF17F}"
EndProject
Project("{FAE04EC0-301F-11D3-BF4B-00C04F79EFBC}") = "Unity.PlasticSCM.Editor", "Unity.PlasticSCM.Editor.csproj", "{DF3AEEC8-0D16-D15F-6B4F-BC84C2F464E9}"
EndProject
Project("{FAE04EC0-301F-11D3-BF4B-00C04F79EFBC}") = "Unity.ShaderGraph.Editor", "Unity.ShaderGraph.Editor.csproj", "{945CFD93-F3E6-0DD2-F16A-158C1B674B3D}"
EndProject
Project("{FAE04EC0-301F-11D3-BF4B-00C04F79EFBC}") = "Unity.VisualStudio.Editor", "Unity.VisualStudio.Editor.csproj", "{8BB08B88-80FE-9124-7764-DAB72540EB43}"
EndProject
Project("{FAE04EC0-301F-11D3-BF4B-00C04F79EFBC}") = "Unity.ProBuilder.Editor", "Unity.ProBuilder.Editor.csproj", "{7A2D8803-72AB-A581-52B6-3FD031B324A9}"
EndProject
Project("{FAE04EC0-301F-11D3-BF4B-00C04F79EFBC}") = "Unity.Timeline.Editor", "Unity.Timeline.Editor.csproj", "{6CC707E0-8AAB-EC08-5638-80CF5855EE53}"
EndProject
Project("{FAE04EC0-301F-11D3-BF4B-00C04F79EFBC}") = "com.unity.cinemachine.editor", "com.unity.cinemachine.editor.csproj", "{CF649905-42B8-C79C-D3CC-812ACADFD6ED}"
EndProject
Project("{FAE04EC0-301F-11D3-BF4B-00C04F79EFBC}") = "Unity.TextMeshPro.Editor", "Unity.TextMeshPro.Editor.csproj", "{D87C35D3-BB59-F0B5-C3D7-F983E13ED74A}"
EndProject
Project("{FAE04EC0-301F-11D3-BF4B-00C04F79EFBC}") = "Unity.CollabProxy.Editor", "Unity.CollabProxy.Editor.csproj", "{23A8F2ED-AD49-5E04-2C09-E95F7BE7302A}"
EndProject
Project("{FAE04EC0-301F-11D3-BF4B-00C04F79EFBC}") = "UnityEditor.TestRunner", "UnityEditor.TestRunner.csproj", "{BBF00943-22CF-FB39-C8C7-06787F388437}"
EndProject
Project("{FAE04EC0-301F-11D3-BF4B-00C04F79EFBC}") = "Unity.Postprocessing.Editor", "Unity.Postprocessing.Editor.csproj", "{3C158385-1613-D231-12B5-F1E67B2430D6}"
EndProject
Project("{FAE04EC0-301F-11D3-BF4B-00C04F79EFBC}") = "UnityEngine.Advertisements.Editor", "UnityEngine.Advertisements.Editor.csproj", "{F8D682FA-F349-6200-7248-080A42645C9C}"
EndProject
Project("{FAE04EC0-301F-11D3-BF4B-00C04F79EFBC}") = "Unity.Rider.Editor", "Unity.Rider.Editor.csproj", "{A5DCE5B7-7D48-5F7A-A4A8-F826412609F7}"
EndProject
Project("{FAE04EC0-301F-11D3-BF4B-00C04F79EFBC}") = "Unity.RenderPipelines.Universal.Editor", "Unity.RenderPipelines.Universal.Editor.csproj", "{45DC6B32-0A1E-D316-11E6-1ED4E52363FC}"
EndProject
Project("{FAE04EC0-301F-11D3-BF4B-00C04F79EFBC}") = "Unity.Services.Core.Editor", "Unity.Services.Core.Editor.csproj", "{69B78AAD-1918-3282-08BE-BE47BB6291F7}"
EndProject
Project("{FAE04EC0-301F-11D3-BF4B-00C04F79EFBC}") = "Unity.Animation.Rigging.Editor", "Unity.Animation.Rigging.Editor.csproj", "{7342BFA2-0CB6-CD4D-03FC-48392008DDA8}"
EndProject
Project("{FAE04EC0-301F-11D3-BF4B-00C04F79EFBC}") = "UnityEngine.Advertisements.DevX.Editor", "UnityEngine.Advertisements.DevX.Editor.csproj", "{42FAD590-0D3F-326D-1DA4-DD4F6B3E37A5}"
EndProject
Project("{FAE04EC0-301F-11D3-BF4B-00C04F79EFBC}") = "Unity.ProGrids.Editor", "Unity.ProGrids.Editor.csproj", "{304571A5-85DD-007F-F665-B2A825FB2681}"
EndProject
Project("{FAE04EC0-301F-11D3-BF4B-00C04F79EFBC}") = "Unity.RenderPipelines.Core.Editor", "Unity.RenderPipelines.Core.Editor.csproj", "{20911E3E-B878-3B61-6039-D5F88BBB5A85}"
EndProject
Project("{FAE04EC0-301F-11D3-BF4B-00C04F79EFBC}") = "Unity.Searcher.Editor", "Unity.Searcher.Editor.csproj", "{DA29E5FF-16A9-47FC-9F3F-DFCD65D96668}"
EndProject
Project("{FAE04EC0-301F-11D3-BF4B-00C04F79EFBC}") = "Unity.SysrootPackage.Editor", "Unity.SysrootPackage.Editor.csproj", "{3E0057CE-16C4-F0F8-F658-05005838F111}"
EndProject
Project("{FAE04EC0-301F-11D3-BF4B-00C04F79EFBC}") = "Unity.VSCode.Editor", "Unity.VSCode.Editor.csproj", "{95D44468-5748-7F66-002E-E50992FC2733}"
EndProject
Project("{FAE04EC0-301F-11D3-BF4B-00C04F79EFBC}") = "Unity.Toolchain.Win-x86_64-Linux-x86_64", "Unity.Toolchain.Win-x86_64-Linux-x86_64.csproj", "{869DED5C-EA56-FB4F-8683-D21BFD284D8C}"
EndProject
Project("{FAE04EC0-301F-11D3-BF4B-00C04F79EFBC}") = "Unity.ProBuilder.AssetIdRemapUtility", "Unity.ProBuilder.AssetIdRemapUtility.csproj", "{921E15D0-2FCA-3B8E-B15C-235A7D4BFBDE}"
EndProject
Project("{FAE04EC0-301F-11D3-BF4B-00C04F79EFBC}") = "UnityEditor.UI", "UnityEditor.UI.csproj", "{E4BB9A47-C0CB-AB66-712B-D3B56128E367}"
EndProject
Project("{FAE04EC0-301F-11D3-BF4B-00C04F79EFBC}") = "Unity.EditorCoroutines.Editor", "Unity.EditorCoroutines.Editor.csproj", "{6D5596DE-F519-7EE3-24DB-6179B864A011}"
EndProject
Project("{FAE04EC0-301F-11D3-BF4B-00C04F79EFBC}") = "Unity.Settings.Editor", "Unity.Settings.Editor.csproj", "{572460D0-9CFF-54ED-C0BC-CC3F85EBABB6}"
EndProject
Project("{FAE04EC0-301F-11D3-BF4B-00C04F79EFBC}") = "Assembly-CSharp-Editor", "Assembly-CSharp-Editor.csproj", "{D7040452-0CFF-72B4-0D09-3C42C8B31221}"
EndProject
Project("{FAE04EC0-301F-11D3-BF4B-00C04F79EFBC}") = "Unity.Mathematics.Editor", "Unity.Mathematics.Editor.csproj", "{B846B4A9-387F-8DB3-D6D6-6D31DDF6F1BD}"
EndProject
Project("{FAE04EC0-301F-11D3-BF4B-00C04F79EFBC}") = "Unity.Burst.Editor", "Unity.Burst.Editor.csproj", "{A2F1022F-4CA0-0C68-5CFE-EF5DBF74E325}"
EndProject
Project("{FAE04EC0-301F-11D3-BF4B-00C04F79EFBC}") = "Unity.Play.Publisher.Editor", "Unity.Play.Publisher.Editor.csproj", "{44951301-85F9-96C9-829F-FFBEB4AA842F}"
EndProject
Project("{FAE04EC0-301F-11D3-BF4B-00C04F79EFBC}") = "Unity.InternalAPIEditorBridgeDev.001", "Unity.InternalAPIEditorBridgeDev.001.csproj", "{C39E19F6-0DF9-FC36-168B-E0980D877B80}"
EndProject
Project("{FAE04EC0-301F-11D3-BF4B-00C04F79EFBC}") = "Unity.ShaderGraph.Utilities", "Unity.ShaderGraph.Utilities.csproj", "{04965394-07F0-92C5-E1E7-FEA8434E8187}"
EndProject
Project("{FAE04EC0-301F-11D3-BF4B-00C04F79EFBC}") = "Unity.Sysroot.Linux_x86_64", "Unity.Sysroot.Linux_x86_64.csproj", "{EF662869-2D17-8250-2BAD-8B20D71244CF}"
EndProject
Project("{FAE04EC0-301F-11D3-BF4B-00C04F79EFBC}") = "Assembly-CSharp-Editor-firstpass", "Assembly-CSharp-Editor-firstpass.csproj", "{9E57CFBF-1FBE-1941-A78B-51C6D4CFE4DB}"
EndProject
Project("{FAE04EC0-301F-11D3-BF4B-00C04F79EFBC}") = "Unity.ProBuilder.AddOns.Editor", "Unity.ProBuilder.AddOns.Editor.csproj", "{F826A7F6-CE7A-EF3B-3AE1-A1B99C7070C7}"
EndProject
Project("{FAE04EC0-301F-11D3-BF4B-00C04F79EFBC}") = "UnityEngine.UI", "UnityEngine.UI.Player.csproj", "{B8689CC8-3C6F-84C5-5688-DEFF6D26C500}"
EndProject
Project("{FAE04EC0-301F-11D3-BF4B-00C04F79EFBC}") = "Assembly-CSharp", "Assembly-CSharp.Player.csproj", "{3EDC1392-3D3E-CEA9-2100-3B454AD9EA83}"
EndProject
Project("{FAE04EC0-301F-11D3-BF4B-00C04F79EFBC}") = "Unity.RenderPipelines.Core.Runtime", "Unity.RenderPipelines.Core.Runtime.Player.csproj", "{7C8096D5-70BB-C64A-C968-EA27A63BE34C}"
EndProject
Project("{FAE04EC0-301F-11D3-BF4B-00C04F79EFBC}") = "UnityEngine.TestRunner", "UnityEngine.TestRunner.Player.csproj", "{EF36A549-CD41-49FE-40B5-44E9AE5D42C3}"
EndProject
Project("{FAE04EC0-301F-11D3-BF4B-00C04F79EFBC}") = "Unity.Mathematics", "Unity.Mathematics.Player.csproj", "{90872AC5-D5A8-72D1-02BD-687D2B77A2D1}"
EndProject
Project("{FAE04EC0-301F-11D3-BF4B-00C04F79EFBC}") = "Unity.InputSystem", "Unity.InputSystem.Player.csproj", "{22BC5E9C-5BFB-A29E-BB32-F73239F26164}"
EndProject
Project("{FAE04EC0-301F-11D3-BF4B-00C04F79EFBC}") = "Unity.RenderPipelines.Universal.Runtime", "Unity.RenderPipelines.Universal.Runtime.Player.csproj", "{FE5E5DF2-281A-541A-A179-51355B6C91CA}"
EndProject
Project("{FAE04EC0-301F-11D3-BF4B-00C04F79EFBC}") = "Unity.Postprocessing.Runtime", "Unity.Postprocessing.Runtime.Player.csproj", "{22079B27-DF81-DF81-D7F6-4311C3AD9B8A}"
EndProject
Project("{FAE04EC0-301F-11D3-BF4B-00C04F79EFBC}") = "UnityEngine.Monetization", "UnityEngine.Monetization.Player.csproj", "{451DEC62-6C27-E34A-CF7C-D411EA713A33}"
EndProject
Project("{FAE04EC0-301F-11D3-BF4B-00C04F79EFBC}") = "Unity.Animation.Rigging", "Unity.Animation.Rigging.Player.csproj", "{BD0F7637-1E8D-FBEC-EFA8-A05FF8F12E90}"
EndProject
Project("{FAE04EC0-301F-11D3-BF4B-00C04F79EFBC}") = "Unity.Burst", "Unity.Burst.Player.csproj", "{5808DE6E-1DB9-9EB0-CA8D-71F31A5598C0}"
EndProject
Project("{FAE04EC0-301F-11D3-BF4B-00C04F79EFBC}") = "Unity.TextMeshPro", "Unity.TextMeshPro.Player.csproj", "{65B86CF7-4104-7CD5-41BF-E30C7CC85960}"
EndProject
Project("{FAE04EC0-301F-11D3-BF4B-00C04F79EFBC}") = "UnityEngine.Advertisements", "UnityEngine.Advertisements.Player.csproj", "{FC9D66D9-28B6-5381-B3D7-647DDF25F4D6}"
EndProject
Project("{FAE04EC0-301F-11D3-BF4B-00C04F79EFBC}") = "Unity.ProBuilder.Poly2Tri", "Unity.ProBuilder.Poly2Tri.Player.csproj", "{13BE51EF-4243-AFBA-C638-96AE9E7EA661}"
EndProject
Project("{FAE04EC0-301F-11D3-BF4B-00C04F79EFBC}") = "Cinemachine", "Cinemachine.Player.csproj", "{4B9BBC7B-E28D-3F89-0D8D-2FF6A40D5BD6}"
EndProject
Project("{FAE04EC0-301F-11D3-BF4B-00C04F79EFBC}") = "Unity.Timeline", "Unity.Timeline.Player.csproj", "{C2DA471A-D44A-A967-EB52-1E467EC9548F}"
EndProject
Project("{FAE04EC0-301F-11D3-BF4B-00C04F79EFBC}") = "Unity.ProBuilder", "Unity.ProBuilder.Player.csproj", "{B53256AA-9778-E60E-EDC2-1D810C2ED329}"
EndProject
Project("{FAE04EC0-301F-11D3-BF4B-00C04F79EFBC}") = "Unity.ProGrids", "Unity.ProGrids.Player.csproj", "{59F56ABD-C8A0-2DDA-B0BE-7A6846CFD958}"
EndProject
Project("{FAE04EC0-301F-11D3-BF4B-00C04F79EFBC}") = "Unity.ProBuilder.Csg", "Unity.ProBuilder.Csg.Player.csproj", "{FBFC1217-3CE4-FD6B-8C40-8B2E3E6F40E2}"
EndProject
Project("{FAE04EC0-301F-11D3-BF4B-00C04F79EFBC}") = "Unity.ProBuilder.KdTree", "Unity.ProBuilder.KdTree.Player.csproj", "{DDC725ED-954E-5C45-EEAD-8ABF8B47285C}"
EndProject
Project("{FAE04EC0-301F-11D3-BF4B-00C04F79EFBC}") = "Unity.RenderPipelines.Core.ShaderLibrary", "Unity.RenderPipelines.Core.ShaderLibrary.Player.csproj", "{06F40255-D4E9-2C0F-E20F-F751F688CF24}"
EndProject
Project("{FAE04EC0-301F-11D3-BF4B-00C04F79EFBC}") = "Unity.RenderPipeline.Universal.ShaderLibrary", "Unity.RenderPipeline.Universal.ShaderLibrary.Player.csproj", "{54188414-E5E7-A47E-AC21-3A07060D143B}"
EndProject
Project("{FAE04EC0-301F-11D3-BF4B-00C04F79EFBC}") = "Unity.ProBuilder.Stl", "Unity.ProBuilder.Stl.Player.csproj", "{C7965262-4660-E484-8990-33C3A91AABAD}"
EndProject
Project("{FAE04EC0-301F-11D3-BF4B-00C04F79EFBC}") = "Unity.RenderPipelines.Universal.Shaders", "Unity.RenderPipelines.Universal.Shaders.Player.csproj", "{867DD9CB-7A24-160C-1565-0B0B88DC8815}"
EndProject
Project("{FAE04EC0-301F-11D3-BF4B-00C04F79EFBC}") = "Unity.RenderPipelines.ShaderGraph.ShaderGraphLibrary", "Unity.RenderPipelines.ShaderGraph.ShaderGraphLibrary.Player.csproj", "{87FF28A9-51BF-D428-9453-EB8AFC686C0C}"
EndProject
Global
	GlobalSection(SolutionConfigurationPlatforms) = preSolution
		Debug|Any CPU = Debug|Any CPU
		Release|Any CPU = Release|Any CPU
	EndGlobalSection
	GlobalSection(ProjectConfigurationPlatforms) = postSolution
		{CC554FA1-349A-C79F-C173-129CDCE1A65A}.Debug|Any CPU.ActiveCfg = Debug|Any CPU
		{CC554FA1-349A-C79F-C173-129CDCE1A65A}.Debug|Any CPU.Build.0 = Debug|Any CPU
		{CC554FA1-349A-C79F-C173-129CDCE1A65A}.Release|Any CPU.ActiveCfg = Release|Any CPU
		{CC554FA1-349A-C79F-C173-129CDCE1A65A}.Release|Any CPU.Build.0 = Release|Any CPU
		{A39F5B98-82CB-05F7-5DB8-671765E482C2}.Debug|Any CPU.ActiveCfg = Debug|Any CPU
		{A39F5B98-82CB-05F7-5DB8-671765E482C2}.Debug|Any CPU.Build.0 = Debug|Any CPU
		{A39F5B98-82CB-05F7-5DB8-671765E482C2}.Release|Any CPU.ActiveCfg = Release|Any CPU
		{A39F5B98-82CB-05F7-5DB8-671765E482C2}.Release|Any CPU.Build.0 = Release|Any CPU
		{0BD50F0A-D95A-F652-CC84-B50B7355A739}.Debug|Any CPU.ActiveCfg = Debug|Any CPU
		{0BD50F0A-D95A-F652-CC84-B50B7355A739}.Debug|Any CPU.Build.0 = Debug|Any CPU
		{0BD50F0A-D95A-F652-CC84-B50B7355A739}.Release|Any CPU.ActiveCfg = Release|Any CPU
		{0BD50F0A-D95A-F652-CC84-B50B7355A739}.Release|Any CPU.Build.0 = Release|Any CPU
		{9DC1B531-9BDF-667B-DF52-3DE11B76A5C2}.Debug|Any CPU.ActiveCfg = Debug|Any CPU
		{9DC1B531-9BDF-667B-DF52-3DE11B76A5C2}.Debug|Any CPU.Build.0 = Debug|Any CPU
		{9DC1B531-9BDF-667B-DF52-3DE11B76A5C2}.Release|Any CPU.ActiveCfg = Release|Any CPU
		{9DC1B531-9BDF-667B-DF52-3DE11B76A5C2}.Release|Any CPU.Build.0 = Release|Any CPU
		{DD31A249-9E55-026C-C80C-2C602FF0E7ED}.Debug|Any CPU.ActiveCfg = Debug|Any CPU
		{DD31A249-9E55-026C-C80C-2C602FF0E7ED}.Debug|Any CPU.Build.0 = Debug|Any CPU
		{DD31A249-9E55-026C-C80C-2C602FF0E7ED}.Release|Any CPU.ActiveCfg = Release|Any CPU
		{DD31A249-9E55-026C-C80C-2C602FF0E7ED}.Release|Any CPU.Build.0 = Release|Any CPU
		{3484275A-C178-BEE2-098B-66563FB831DB}.Debug|Any CPU.ActiveCfg = Debug|Any CPU
		{3484275A-C178-BEE2-098B-66563FB831DB}.Debug|Any CPU.Build.0 = Debug|Any CPU
		{3484275A-C178-BEE2-098B-66563FB831DB}.Release|Any CPU.ActiveCfg = Release|Any CPU
		{3484275A-C178-BEE2-098B-66563FB831DB}.Release|Any CPU.Build.0 = Release|Any CPU
		{E7F9B5EE-6577-05F3-E9B2-B36DB49599FE}.Debug|Any CPU.ActiveCfg = Debug|Any CPU
		{E7F9B5EE-6577-05F3-E9B2-B36DB49599FE}.Debug|Any CPU.Build.0 = Debug|Any CPU
		{E7F9B5EE-6577-05F3-E9B2-B36DB49599FE}.Release|Any CPU.ActiveCfg = Release|Any CPU
		{E7F9B5EE-6577-05F3-E9B2-B36DB49599FE}.Release|Any CPU.Build.0 = Release|Any CPU
		{9EE6B6BB-D20A-4383-9450-11F65B2762F8}.Debug|Any CPU.ActiveCfg = Debug|Any CPU
		{9EE6B6BB-D20A-4383-9450-11F65B2762F8}.Debug|Any CPU.Build.0 = Debug|Any CPU
		{9EE6B6BB-D20A-4383-9450-11F65B2762F8}.Release|Any CPU.ActiveCfg = Release|Any CPU
		{9EE6B6BB-D20A-4383-9450-11F65B2762F8}.Release|Any CPU.Build.0 = Release|Any CPU
		{52316A1E-5DDA-04FC-5598-031715150921}.Debug|Any CPU.ActiveCfg = Debug|Any CPU
		{52316A1E-5DDA-04FC-5598-031715150921}.Debug|Any CPU.Build.0 = Debug|Any CPU
		{52316A1E-5DDA-04FC-5598-031715150921}.Release|Any CPU.ActiveCfg = Release|Any CPU
		{52316A1E-5DDA-04FC-5598-031715150921}.Release|Any CPU.Build.0 = Release|Any CPU
		{B8573D2C-3880-2FDC-AC16-85CDBEA918B7}.Debug|Any CPU.ActiveCfg = Debug|Any CPU
		{B8573D2C-3880-2FDC-AC16-85CDBEA918B7}.Debug|Any CPU.Build.0 = Debug|Any CPU
		{B8573D2C-3880-2FDC-AC16-85CDBEA918B7}.Release|Any CPU.ActiveCfg = Release|Any CPU
		{B8573D2C-3880-2FDC-AC16-85CDBEA918B7}.Release|Any CPU.Build.0 = Release|Any CPU
		{781AFE80-A6BF-6A62-A8B1-998CBE8A7258}.Debug|Any CPU.ActiveCfg = Debug|Any CPU
		{781AFE80-A6BF-6A62-A8B1-998CBE8A7258}.Debug|Any CPU.Build.0 = Debug|Any CPU
		{781AFE80-A6BF-6A62-A8B1-998CBE8A7258}.Release|Any CPU.ActiveCfg = Release|Any CPU
		{781AFE80-A6BF-6A62-A8B1-998CBE8A7258}.Release|Any CPU.Build.0 = Release|Any CPU
		{360AFE6A-70F4-BB0B-9FDB-6956CFFCE023}.Debug|Any CPU.ActiveCfg = Debug|Any CPU
		{360AFE6A-70F4-BB0B-9FDB-6956CFFCE023}.Debug|Any CPU.Build.0 = Debug|Any CPU
		{360AFE6A-70F4-BB0B-9FDB-6956CFFCE023}.Release|Any CPU.ActiveCfg = Release|Any CPU
		{360AFE6A-70F4-BB0B-9FDB-6956CFFCE023}.Release|Any CPU.Build.0 = Release|Any CPU
		{F4D7CD88-EC55-7152-A2F3-ACB0EC584555}.Debug|Any CPU.ActiveCfg = Debug|Any CPU
		{F4D7CD88-EC55-7152-A2F3-ACB0EC584555}.Debug|Any CPU.Build.0 = Debug|Any CPU
		{F4D7CD88-EC55-7152-A2F3-ACB0EC584555}.Release|Any CPU.ActiveCfg = Release|Any CPU
		{F4D7CD88-EC55-7152-A2F3-ACB0EC584555}.Release|Any CPU.Build.0 = Release|Any CPU
		{FDF8C7A3-54E5-A359-A5D6-E0F4721BADF0}.Debug|Any CPU.ActiveCfg = Debug|Any CPU
		{FDF8C7A3-54E5-A359-A5D6-E0F4721BADF0}.Debug|Any CPU.Build.0 = Debug|Any CPU
		{FDF8C7A3-54E5-A359-A5D6-E0F4721BADF0}.Release|Any CPU.ActiveCfg = Release|Any CPU
		{FDF8C7A3-54E5-A359-A5D6-E0F4721BADF0}.Release|Any CPU.Build.0 = Release|Any CPU
		{88CF0AB4-503D-89CA-EFCD-A81D2E860DE6}.Debug|Any CPU.ActiveCfg = Debug|Any CPU
		{88CF0AB4-503D-89CA-EFCD-A81D2E860DE6}.Debug|Any CPU.Build.0 = Debug|Any CPU
		{88CF0AB4-503D-89CA-EFCD-A81D2E860DE6}.Release|Any CPU.ActiveCfg = Release|Any CPU
		{88CF0AB4-503D-89CA-EFCD-A81D2E860DE6}.Release|Any CPU.Build.0 = Release|Any CPU
		{F7859F6A-3E26-E318-3854-CC2C321F317F}.Debug|Any CPU.ActiveCfg = Debug|Any CPU
		{F7859F6A-3E26-E318-3854-CC2C321F317F}.Debug|Any CPU.Build.0 = Debug|Any CPU
		{F7859F6A-3E26-E318-3854-CC2C321F317F}.Release|Any CPU.ActiveCfg = Release|Any CPU
		{F7859F6A-3E26-E318-3854-CC2C321F317F}.Release|Any CPU.Build.0 = Release|Any CPU
		{6223022A-657A-36A0-C703-185BFB076E18}.Debug|Any CPU.ActiveCfg = Debug|Any CPU
		{6223022A-657A-36A0-C703-185BFB076E18}.Debug|Any CPU.Build.0 = Debug|Any CPU
		{6223022A-657A-36A0-C703-185BFB076E18}.Release|Any CPU.ActiveCfg = Release|Any CPU
		{6223022A-657A-36A0-C703-185BFB076E18}.Release|Any CPU.Build.0 = Release|Any CPU
		{5763EB44-A4E2-969C-5223-E67119F11559}.Debug|Any CPU.ActiveCfg = Debug|Any CPU
		{5763EB44-A4E2-969C-5223-E67119F11559}.Debug|Any CPU.Build.0 = Debug|Any CPU
		{5763EB44-A4E2-969C-5223-E67119F11559}.Release|Any CPU.ActiveCfg = Release|Any CPU
		{5763EB44-A4E2-969C-5223-E67119F11559}.Release|Any CPU.Build.0 = Release|Any CPU
		{E8AF0E48-A9FD-B103-ED7D-E668FB0505C1}.Debug|Any CPU.ActiveCfg = Debug|Any CPU
		{E8AF0E48-A9FD-B103-ED7D-E668FB0505C1}.Debug|Any CPU.Build.0 = Debug|Any CPU
		{E8AF0E48-A9FD-B103-ED7D-E668FB0505C1}.Release|Any CPU.ActiveCfg = Release|Any CPU
		{E8AF0E48-A9FD-B103-ED7D-E668FB0505C1}.Release|Any CPU.Build.0 = Release|Any CPU
		{CACAF00D-C8AD-727E-31AA-CB970BF41FE8}.Debug|Any CPU.ActiveCfg = Debug|Any CPU
		{CACAF00D-C8AD-727E-31AA-CB970BF41FE8}.Debug|Any CPU.Build.0 = Debug|Any CPU
		{CACAF00D-C8AD-727E-31AA-CB970BF41FE8}.Release|Any CPU.ActiveCfg = Release|Any CPU
		{CACAF00D-C8AD-727E-31AA-CB970BF41FE8}.Release|Any CPU.Build.0 = Release|Any CPU
		{9769C0C1-B7C9-DD07-8508-7C2649E1855B}.Debug|Any CPU.ActiveCfg = Debug|Any CPU
		{9769C0C1-B7C9-DD07-8508-7C2649E1855B}.Debug|Any CPU.Build.0 = Debug|Any CPU
		{9769C0C1-B7C9-DD07-8508-7C2649E1855B}.Release|Any CPU.ActiveCfg = Release|Any CPU
		{9769C0C1-B7C9-DD07-8508-7C2649E1855B}.Release|Any CPU.Build.0 = Release|Any CPU
		{77BD39D1-82B4-14EE-612B-217A2290946D}.Debug|Any CPU.ActiveCfg = Debug|Any CPU
		{77BD39D1-82B4-14EE-612B-217A2290946D}.Debug|Any CPU.Build.0 = Debug|Any CPU
		{77BD39D1-82B4-14EE-612B-217A2290946D}.Release|Any CPU.ActiveCfg = Release|Any CPU
		{77BD39D1-82B4-14EE-612B-217A2290946D}.Release|Any CPU.Build.0 = Release|Any CPU
		{8516E099-6134-1627-90FE-93751D2C8DA6}.Debug|Any CPU.ActiveCfg = Debug|Any CPU
		{8516E099-6134-1627-90FE-93751D2C8DA6}.Debug|Any CPU.Build.0 = Debug|Any CPU
		{8516E099-6134-1627-90FE-93751D2C8DA6}.Release|Any CPU.ActiveCfg = Release|Any CPU
		{8516E099-6134-1627-90FE-93751D2C8DA6}.Release|Any CPU.Build.0 = Release|Any CPU
		{A9C4FE3B-9D5E-0A64-9F62-6CF7823D0B01}.Debug|Any CPU.ActiveCfg = Debug|Any CPU
		{A9C4FE3B-9D5E-0A64-9F62-6CF7823D0B01}.Debug|Any CPU.Build.0 = Debug|Any CPU
		{A9C4FE3B-9D5E-0A64-9F62-6CF7823D0B01}.Release|Any CPU.ActiveCfg = Release|Any CPU
		{A9C4FE3B-9D5E-0A64-9F62-6CF7823D0B01}.Release|Any CPU.Build.0 = Release|Any CPU
		{ED3B0524-6038-A0BD-ADE3-F5DB28BDF17F}.Debug|Any CPU.ActiveCfg = Debug|Any CPU
		{ED3B0524-6038-A0BD-ADE3-F5DB28BDF17F}.Debug|Any CPU.Build.0 = Debug|Any CPU
		{ED3B0524-6038-A0BD-ADE3-F5DB28BDF17F}.Release|Any CPU.ActiveCfg = Release|Any CPU
		{ED3B0524-6038-A0BD-ADE3-F5DB28BDF17F}.Release|Any CPU.Build.0 = Release|Any CPU
		{DF3AEEC8-0D16-D15F-6B4F-BC84C2F464E9}.Debug|Any CPU.ActiveCfg = Debug|Any CPU
		{DF3AEEC8-0D16-D15F-6B4F-BC84C2F464E9}.Debug|Any CPU.Build.0 = Debug|Any CPU
		{DF3AEEC8-0D16-D15F-6B4F-BC84C2F464E9}.Release|Any CPU.ActiveCfg = Release|Any CPU
		{DF3AEEC8-0D16-D15F-6B4F-BC84C2F464E9}.Release|Any CPU.Build.0 = Release|Any CPU
		{945CFD93-F3E6-0DD2-F16A-158C1B674B3D}.Debug|Any CPU.ActiveCfg = Debug|Any CPU
		{945CFD93-F3E6-0DD2-F16A-158C1B674B3D}.Debug|Any CPU.Build.0 = Debug|Any CPU
		{945CFD93-F3E6-0DD2-F16A-158C1B674B3D}.Release|Any CPU.ActiveCfg = Release|Any CPU
		{945CFD93-F3E6-0DD2-F16A-158C1B674B3D}.Release|Any CPU.Build.0 = Release|Any CPU
		{8BB08B88-80FE-9124-7764-DAB72540EB43}.Debug|Any CPU.ActiveCfg = Debug|Any CPU
		{8BB08B88-80FE-9124-7764-DAB72540EB43}.Debug|Any CPU.Build.0 = Debug|Any CPU
		{8BB08B88-80FE-9124-7764-DAB72540EB43}.Release|Any CPU.ActiveCfg = Release|Any CPU
		{8BB08B88-80FE-9124-7764-DAB72540EB43}.Release|Any CPU.Build.0 = Release|Any CPU
		{7A2D8803-72AB-A581-52B6-3FD031B324A9}.Debug|Any CPU.ActiveCfg = Debug|Any CPU
		{7A2D8803-72AB-A581-52B6-3FD031B324A9}.Debug|Any CPU.Build.0 = Debug|Any CPU
		{7A2D8803-72AB-A581-52B6-3FD031B324A9}.Release|Any CPU.ActiveCfg = Release|Any CPU
		{7A2D8803-72AB-A581-52B6-3FD031B324A9}.Release|Any CPU.Build.0 = Release|Any CPU
		{6CC707E0-8AAB-EC08-5638-80CF5855EE53}.Debug|Any CPU.ActiveCfg = Debug|Any CPU
		{6CC707E0-8AAB-EC08-5638-80CF5855EE53}.Debug|Any CPU.Build.0 = Debug|Any CPU
		{6CC707E0-8AAB-EC08-5638-80CF5855EE53}.Release|Any CPU.ActiveCfg = Release|Any CPU
		{6CC707E0-8AAB-EC08-5638-80CF5855EE53}.Release|Any CPU.Build.0 = Release|Any CPU
		{CF649905-42B8-C79C-D3CC-812ACADFD6ED}.Debug|Any CPU.ActiveCfg = Debug|Any CPU
		{CF649905-42B8-C79C-D3CC-812ACADFD6ED}.Debug|Any CPU.Build.0 = Debug|Any CPU
		{CF649905-42B8-C79C-D3CC-812ACADFD6ED}.Release|Any CPU.ActiveCfg = Release|Any CPU
		{CF649905-42B8-C79C-D3CC-812ACADFD6ED}.Release|Any CPU.Build.0 = Release|Any CPU
		{D87C35D3-BB59-F0B5-C3D7-F983E13ED74A}.Debug|Any CPU.ActiveCfg = Debug|Any CPU
		{D87C35D3-BB59-F0B5-C3D7-F983E13ED74A}.Debug|Any CPU.Build.0 = Debug|Any CPU
		{D87C35D3-BB59-F0B5-C3D7-F983E13ED74A}.Release|Any CPU.ActiveCfg = Release|Any CPU
		{D87C35D3-BB59-F0B5-C3D7-F983E13ED74A}.Release|Any CPU.Build.0 = Release|Any CPU
		{23A8F2ED-AD49-5E04-2C09-E95F7BE7302A}.Debug|Any CPU.ActiveCfg = Debug|Any CPU
		{23A8F2ED-AD49-5E04-2C09-E95F7BE7302A}.Debug|Any CPU.Build.0 = Debug|Any CPU
		{23A8F2ED-AD49-5E04-2C09-E95F7BE7302A}.Release|Any CPU.ActiveCfg = Release|Any CPU
		{23A8F2ED-AD49-5E04-2C09-E95F7BE7302A}.Release|Any CPU.Build.0 = Release|Any CPU
		{BBF00943-22CF-FB39-C8C7-06787F388437}.Debug|Any CPU.ActiveCfg = Debug|Any CPU
		{BBF00943-22CF-FB39-C8C7-06787F388437}.Debug|Any CPU.Build.0 = Debug|Any CPU
		{BBF00943-22CF-FB39-C8C7-06787F388437}.Release|Any CPU.ActiveCfg = Release|Any CPU
		{BBF00943-22CF-FB39-C8C7-06787F388437}.Release|Any CPU.Build.0 = Release|Any CPU
		{3C158385-1613-D231-12B5-F1E67B2430D6}.Debug|Any CPU.ActiveCfg = Debug|Any CPU
		{3C158385-1613-D231-12B5-F1E67B2430D6}.Debug|Any CPU.Build.0 = Debug|Any CPU
		{3C158385-1613-D231-12B5-F1E67B2430D6}.Release|Any CPU.ActiveCfg = Release|Any CPU
		{3C158385-1613-D231-12B5-F1E67B2430D6}.Release|Any CPU.Build.0 = Release|Any CPU
		{F8D682FA-F349-6200-7248-080A42645C9C}.Debug|Any CPU.ActiveCfg = Debug|Any CPU
		{F8D682FA-F349-6200-7248-080A42645C9C}.Debug|Any CPU.Build.0 = Debug|Any CPU
		{F8D682FA-F349-6200-7248-080A42645C9C}.Release|Any CPU.ActiveCfg = Release|Any CPU
		{F8D682FA-F349-6200-7248-080A42645C9C}.Release|Any CPU.Build.0 = Release|Any CPU
		{A5DCE5B7-7D48-5F7A-A4A8-F826412609F7}.Debug|Any CPU.ActiveCfg = Debug|Any CPU
		{A5DCE5B7-7D48-5F7A-A4A8-F826412609F7}.Debug|Any CPU.Build.0 = Debug|Any CPU
		{A5DCE5B7-7D48-5F7A-A4A8-F826412609F7}.Release|Any CPU.ActiveCfg = Release|Any CPU
		{A5DCE5B7-7D48-5F7A-A4A8-F826412609F7}.Release|Any CPU.Build.0 = Release|Any CPU
		{45DC6B32-0A1E-D316-11E6-1ED4E52363FC}.Debug|Any CPU.ActiveCfg = Debug|Any CPU
		{45DC6B32-0A1E-D316-11E6-1ED4E52363FC}.Debug|Any CPU.Build.0 = Debug|Any CPU
		{45DC6B32-0A1E-D316-11E6-1ED4E52363FC}.Release|Any CPU.ActiveCfg = Release|Any CPU
		{45DC6B32-0A1E-D316-11E6-1ED4E52363FC}.Release|Any CPU.Build.0 = Release|Any CPU
		{69B78AAD-1918-3282-08BE-BE47BB6291F7}.Debug|Any CPU.ActiveCfg = Debug|Any CPU
		{69B78AAD-1918-3282-08BE-BE47BB6291F7}.Debug|Any CPU.Build.0 = Debug|Any CPU
		{69B78AAD-1918-3282-08BE-BE47BB6291F7}.Release|Any CPU.ActiveCfg = Release|Any CPU
		{69B78AAD-1918-3282-08BE-BE47BB6291F7}.Release|Any CPU.Build.0 = Release|Any CPU
		{7342BFA2-0CB6-CD4D-03FC-48392008DDA8}.Debug|Any CPU.ActiveCfg = Debug|Any CPU
		{7342BFA2-0CB6-CD4D-03FC-48392008DDA8}.Debug|Any CPU.Build.0 = Debug|Any CPU
		{7342BFA2-0CB6-CD4D-03FC-48392008DDA8}.Release|Any CPU.ActiveCfg = Release|Any CPU
		{7342BFA2-0CB6-CD4D-03FC-48392008DDA8}.Release|Any CPU.Build.0 = Release|Any CPU
		{42FAD590-0D3F-326D-1DA4-DD4F6B3E37A5}.Debug|Any CPU.ActiveCfg = Debug|Any CPU
		{42FAD590-0D3F-326D-1DA4-DD4F6B3E37A5}.Debug|Any CPU.Build.0 = Debug|Any CPU
		{42FAD590-0D3F-326D-1DA4-DD4F6B3E37A5}.Release|Any CPU.ActiveCfg = Release|Any CPU
		{42FAD590-0D3F-326D-1DA4-DD4F6B3E37A5}.Release|Any CPU.Build.0 = Release|Any CPU
		{304571A5-85DD-007F-F665-B2A825FB2681}.Debug|Any CPU.ActiveCfg = Debug|Any CPU
		{304571A5-85DD-007F-F665-B2A825FB2681}.Debug|Any CPU.Build.0 = Debug|Any CPU
		{304571A5-85DD-007F-F665-B2A825FB2681}.Release|Any CPU.ActiveCfg = Release|Any CPU
		{304571A5-85DD-007F-F665-B2A825FB2681}.Release|Any CPU.Build.0 = Release|Any CPU
		{20911E3E-B878-3B61-6039-D5F88BBB5A85}.Debug|Any CPU.ActiveCfg = Debug|Any CPU
		{20911E3E-B878-3B61-6039-D5F88BBB5A85}.Debug|Any CPU.Build.0 = Debug|Any CPU
		{20911E3E-B878-3B61-6039-D5F88BBB5A85}.Release|Any CPU.ActiveCfg = Release|Any CPU
		{20911E3E-B878-3B61-6039-D5F88BBB5A85}.Release|Any CPU.Build.0 = Release|Any CPU
		{DA29E5FF-16A9-47FC-9F3F-DFCD65D96668}.Debug|Any CPU.ActiveCfg = Debug|Any CPU
		{DA29E5FF-16A9-47FC-9F3F-DFCD65D96668}.Debug|Any CPU.Build.0 = Debug|Any CPU
		{DA29E5FF-16A9-47FC-9F3F-DFCD65D96668}.Release|Any CPU.ActiveCfg = Release|Any CPU
		{DA29E5FF-16A9-47FC-9F3F-DFCD65D96668}.Release|Any CPU.Build.0 = Release|Any CPU
		{3E0057CE-16C4-F0F8-F658-05005838F111}.Debug|Any CPU.ActiveCfg = Debug|Any CPU
		{3E0057CE-16C4-F0F8-F658-05005838F111}.Debug|Any CPU.Build.0 = Debug|Any CPU
		{3E0057CE-16C4-F0F8-F658-05005838F111}.Release|Any CPU.ActiveCfg = Release|Any CPU
		{3E0057CE-16C4-F0F8-F658-05005838F111}.Release|Any CPU.Build.0 = Release|Any CPU
		{95D44468-5748-7F66-002E-E50992FC2733}.Debug|Any CPU.ActiveCfg = Debug|Any CPU
		{95D44468-5748-7F66-002E-E50992FC2733}.Debug|Any CPU.Build.0 = Debug|Any CPU
		{95D44468-5748-7F66-002E-E50992FC2733}.Release|Any CPU.ActiveCfg = Release|Any CPU
		{95D44468-5748-7F66-002E-E50992FC2733}.Release|Any CPU.Build.0 = Release|Any CPU
		{869DED5C-EA56-FB4F-8683-D21BFD284D8C}.Debug|Any CPU.ActiveCfg = Debug|Any CPU
		{869DED5C-EA56-FB4F-8683-D21BFD284D8C}.Debug|Any CPU.Build.0 = Debug|Any CPU
		{869DED5C-EA56-FB4F-8683-D21BFD284D8C}.Release|Any CPU.ActiveCfg = Release|Any CPU
		{869DED5C-EA56-FB4F-8683-D21BFD284D8C}.Release|Any CPU.Build.0 = Release|Any CPU
		{921E15D0-2FCA-3B8E-B15C-235A7D4BFBDE}.Debug|Any CPU.ActiveCfg = Debug|Any CPU
		{921E15D0-2FCA-3B8E-B15C-235A7D4BFBDE}.Debug|Any CPU.Build.0 = Debug|Any CPU
		{921E15D0-2FCA-3B8E-B15C-235A7D4BFBDE}.Release|Any CPU.ActiveCfg = Release|Any CPU
		{921E15D0-2FCA-3B8E-B15C-235A7D4BFBDE}.Release|Any CPU.Build.0 = Release|Any CPU
		{E4BB9A47-C0CB-AB66-712B-D3B56128E367}.Debug|Any CPU.ActiveCfg = Debug|Any CPU
		{E4BB9A47-C0CB-AB66-712B-D3B56128E367}.Debug|Any CPU.Build.0 = Debug|Any CPU
		{E4BB9A47-C0CB-AB66-712B-D3B56128E367}.Release|Any CPU.ActiveCfg = Release|Any CPU
		{E4BB9A47-C0CB-AB66-712B-D3B56128E367}.Release|Any CPU.Build.0 = Release|Any CPU
		{6D5596DE-F519-7EE3-24DB-6179B864A011}.Debug|Any CPU.ActiveCfg = Debug|Any CPU
		{6D5596DE-F519-7EE3-24DB-6179B864A011}.Debug|Any CPU.Build.0 = Debug|Any CPU
		{6D5596DE-F519-7EE3-24DB-6179B864A011}.Release|Any CPU.ActiveCfg = Release|Any CPU
		{6D5596DE-F519-7EE3-24DB-6179B864A011}.Release|Any CPU.Build.0 = Release|Any CPU
		{572460D0-9CFF-54ED-C0BC-CC3F85EBABB6}.Debug|Any CPU.ActiveCfg = Debug|Any CPU
		{572460D0-9CFF-54ED-C0BC-CC3F85EBABB6}.Debug|Any CPU.Build.0 = Debug|Any CPU
		{572460D0-9CFF-54ED-C0BC-CC3F85EBABB6}.Release|Any CPU.ActiveCfg = Release|Any CPU
		{572460D0-9CFF-54ED-C0BC-CC3F85EBABB6}.Release|Any CPU.Build.0 = Release|Any CPU
		{D7040452-0CFF-72B4-0D09-3C42C8B31221}.Debug|Any CPU.ActiveCfg = Debug|Any CPU
		{D7040452-0CFF-72B4-0D09-3C42C8B31221}.Debug|Any CPU.Build.0 = Debug|Any CPU
		{D7040452-0CFF-72B4-0D09-3C42C8B31221}.Release|Any CPU.ActiveCfg = Release|Any CPU
		{D7040452-0CFF-72B4-0D09-3C42C8B31221}.Release|Any CPU.Build.0 = Release|Any CPU
		{B846B4A9-387F-8DB3-D6D6-6D31DDF6F1BD}.Debug|Any CPU.ActiveCfg = Debug|Any CPU
		{B846B4A9-387F-8DB3-D6D6-6D31DDF6F1BD}.Debug|Any CPU.Build.0 = Debug|Any CPU
		{B846B4A9-387F-8DB3-D6D6-6D31DDF6F1BD}.Release|Any CPU.ActiveCfg = Release|Any CPU
		{B846B4A9-387F-8DB3-D6D6-6D31DDF6F1BD}.Release|Any CPU.Build.0 = Release|Any CPU
		{A2F1022F-4CA0-0C68-5CFE-EF5DBF74E325}.Debug|Any CPU.ActiveCfg = Debug|Any CPU
		{A2F1022F-4CA0-0C68-5CFE-EF5DBF74E325}.Debug|Any CPU.Build.0 = Debug|Any CPU
		{A2F1022F-4CA0-0C68-5CFE-EF5DBF74E325}.Release|Any CPU.ActiveCfg = Release|Any CPU
		{A2F1022F-4CA0-0C68-5CFE-EF5DBF74E325}.Release|Any CPU.Build.0 = Release|Any CPU
		{44951301-85F9-96C9-829F-FFBEB4AA842F}.Debug|Any CPU.ActiveCfg = Debug|Any CPU
		{44951301-85F9-96C9-829F-FFBEB4AA842F}.Debug|Any CPU.Build.0 = Debug|Any CPU
		{44951301-85F9-96C9-829F-FFBEB4AA842F}.Release|Any CPU.ActiveCfg = Release|Any CPU
		{44951301-85F9-96C9-829F-FFBEB4AA842F}.Release|Any CPU.Build.0 = Release|Any CPU
		{C39E19F6-0DF9-FC36-168B-E0980D877B80}.Debug|Any CPU.ActiveCfg = Debug|Any CPU
		{C39E19F6-0DF9-FC36-168B-E0980D877B80}.Debug|Any CPU.Build.0 = Debug|Any CPU
		{C39E19F6-0DF9-FC36-168B-E0980D877B80}.Release|Any CPU.ActiveCfg = Release|Any CPU
		{C39E19F6-0DF9-FC36-168B-E0980D877B80}.Release|Any CPU.Build.0 = Release|Any CPU
		{04965394-07F0-92C5-E1E7-FEA8434E8187}.Debug|Any CPU.ActiveCfg = Debug|Any CPU
		{04965394-07F0-92C5-E1E7-FEA8434E8187}.Debug|Any CPU.Build.0 = Debug|Any CPU
		{04965394-07F0-92C5-E1E7-FEA8434E8187}.Release|Any CPU.ActiveCfg = Release|Any CPU
		{04965394-07F0-92C5-E1E7-FEA8434E8187}.Release|Any CPU.Build.0 = Release|Any CPU
		{EF662869-2D17-8250-2BAD-8B20D71244CF}.Debug|Any CPU.ActiveCfg = Debug|Any CPU
		{EF662869-2D17-8250-2BAD-8B20D71244CF}.Debug|Any CPU.Build.0 = Debug|Any CPU
		{EF662869-2D17-8250-2BAD-8B20D71244CF}.Release|Any CPU.ActiveCfg = Release|Any CPU
		{EF662869-2D17-8250-2BAD-8B20D71244CF}.Release|Any CPU.Build.0 = Release|Any CPU
		{9E57CFBF-1FBE-1941-A78B-51C6D4CFE4DB}.Debug|Any CPU.ActiveCfg = Debug|Any CPU
		{9E57CFBF-1FBE-1941-A78B-51C6D4CFE4DB}.Debug|Any CPU.Build.0 = Debug|Any CPU
		{9E57CFBF-1FBE-1941-A78B-51C6D4CFE4DB}.Release|Any CPU.ActiveCfg = Release|Any CPU
		{9E57CFBF-1FBE-1941-A78B-51C6D4CFE4DB}.Release|Any CPU.Build.0 = Release|Any CPU
		{F826A7F6-CE7A-EF3B-3AE1-A1B99C7070C7}.Debug|Any CPU.ActiveCfg = Debug|Any CPU
		{F826A7F6-CE7A-EF3B-3AE1-A1B99C7070C7}.Debug|Any CPU.Build.0 = Debug|Any CPU
		{F826A7F6-CE7A-EF3B-3AE1-A1B99C7070C7}.Release|Any CPU.ActiveCfg = Release|Any CPU
		{F826A7F6-CE7A-EF3B-3AE1-A1B99C7070C7}.Release|Any CPU.Build.0 = Release|Any CPU
		{B8689CC8-3C6F-84C5-5688-DEFF6D26C500}.Debug|Any CPU.ActiveCfg = Debug|Any CPU
		{B8689CC8-3C6F-84C5-5688-DEFF6D26C500}.Debug|Any CPU.Build.0 = Debug|Any CPU
		{B8689CC8-3C6F-84C5-5688-DEFF6D26C500}.Release|Any CPU.ActiveCfg = Release|Any CPU
		{B8689CC8-3C6F-84C5-5688-DEFF6D26C500}.Release|Any CPU.Build.0 = Release|Any CPU
		{3EDC1392-3D3E-CEA9-2100-3B454AD9EA83}.Debug|Any CPU.ActiveCfg = Debug|Any CPU
		{3EDC1392-3D3E-CEA9-2100-3B454AD9EA83}.Debug|Any CPU.Build.0 = Debug|Any CPU
		{3EDC1392-3D3E-CEA9-2100-3B454AD9EA83}.Release|Any CPU.ActiveCfg = Release|Any CPU
		{3EDC1392-3D3E-CEA9-2100-3B454AD9EA83}.Release|Any CPU.Build.0 = Release|Any CPU
		{7C8096D5-70BB-C64A-C968-EA27A63BE34C}.Debug|Any CPU.ActiveCfg = Debug|Any CPU
		{7C8096D5-70BB-C64A-C968-EA27A63BE34C}.Debug|Any CPU.Build.0 = Debug|Any CPU
		{7C8096D5-70BB-C64A-C968-EA27A63BE34C}.Release|Any CPU.ActiveCfg = Release|Any CPU
		{7C8096D5-70BB-C64A-C968-EA27A63BE34C}.Release|Any CPU.Build.0 = Release|Any CPU
		{EF36A549-CD41-49FE-40B5-44E9AE5D42C3}.Debug|Any CPU.ActiveCfg = Debug|Any CPU
		{EF36A549-CD41-49FE-40B5-44E9AE5D42C3}.Debug|Any CPU.Build.0 = Debug|Any CPU
		{EF36A549-CD41-49FE-40B5-44E9AE5D42C3}.Release|Any CPU.ActiveCfg = Release|Any CPU
		{EF36A549-CD41-49FE-40B5-44E9AE5D42C3}.Release|Any CPU.Build.0 = Release|Any CPU
		{90872AC5-D5A8-72D1-02BD-687D2B77A2D1}.Debug|Any CPU.ActiveCfg = Debug|Any CPU
		{90872AC5-D5A8-72D1-02BD-687D2B77A2D1}.Debug|Any CPU.Build.0 = Debug|Any CPU
		{90872AC5-D5A8-72D1-02BD-687D2B77A2D1}.Release|Any CPU.ActiveCfg = Release|Any CPU
		{90872AC5-D5A8-72D1-02BD-687D2B77A2D1}.Release|Any CPU.Build.0 = Release|Any CPU
		{22BC5E9C-5BFB-A29E-BB32-F73239F26164}.Debug|Any CPU.ActiveCfg = Debug|Any CPU
		{22BC5E9C-5BFB-A29E-BB32-F73239F26164}.Debug|Any CPU.Build.0 = Debug|Any CPU
		{22BC5E9C-5BFB-A29E-BB32-F73239F26164}.Release|Any CPU.ActiveCfg = Release|Any CPU
		{22BC5E9C-5BFB-A29E-BB32-F73239F26164}.Release|Any CPU.Build.0 = Release|Any CPU
		{FE5E5DF2-281A-541A-A179-51355B6C91CA}.Debug|Any CPU.ActiveCfg = Debug|Any CPU
		{FE5E5DF2-281A-541A-A179-51355B6C91CA}.Debug|Any CPU.Build.0 = Debug|Any CPU
		{FE5E5DF2-281A-541A-A179-51355B6C91CA}.Release|Any CPU.ActiveCfg = Release|Any CPU
		{FE5E5DF2-281A-541A-A179-51355B6C91CA}.Release|Any CPU.Build.0 = Release|Any CPU
		{22079B27-DF81-DF81-D7F6-4311C3AD9B8A}.Debug|Any CPU.ActiveCfg = Debug|Any CPU
		{22079B27-DF81-DF81-D7F6-4311C3AD9B8A}.Debug|Any CPU.Build.0 = Debug|Any CPU
		{22079B27-DF81-DF81-D7F6-4311C3AD9B8A}.Release|Any CPU.ActiveCfg = Release|Any CPU
		{22079B27-DF81-DF81-D7F6-4311C3AD9B8A}.Release|Any CPU.Build.0 = Release|Any CPU
		{451DEC62-6C27-E34A-CF7C-D411EA713A33}.Debug|Any CPU.ActiveCfg = Debug|Any CPU
		{451DEC62-6C27-E34A-CF7C-D411EA713A33}.Debug|Any CPU.Build.0 = Debug|Any CPU
		{451DEC62-6C27-E34A-CF7C-D411EA713A33}.Release|Any CPU.ActiveCfg = Release|Any CPU
		{451DEC62-6C27-E34A-CF7C-D411EA713A33}.Release|Any CPU.Build.0 = Release|Any CPU
		{BD0F7637-1E8D-FBEC-EFA8-A05FF8F12E90}.Debug|Any CPU.ActiveCfg = Debug|Any CPU
		{BD0F7637-1E8D-FBEC-EFA8-A05FF8F12E90}.Debug|Any CPU.Build.0 = Debug|Any CPU
		{BD0F7637-1E8D-FBEC-EFA8-A05FF8F12E90}.Release|Any CPU.ActiveCfg = Release|Any CPU
		{BD0F7637-1E8D-FBEC-EFA8-A05FF8F12E90}.Release|Any CPU.Build.0 = Release|Any CPU
		{5808DE6E-1DB9-9EB0-CA8D-71F31A5598C0}.Debug|Any CPU.ActiveCfg = Debug|Any CPU
		{5808DE6E-1DB9-9EB0-CA8D-71F31A5598C0}.Debug|Any CPU.Build.0 = Debug|Any CPU
		{5808DE6E-1DB9-9EB0-CA8D-71F31A5598C0}.Release|Any CPU.ActiveCfg = Release|Any CPU
		{5808DE6E-1DB9-9EB0-CA8D-71F31A5598C0}.Release|Any CPU.Build.0 = Release|Any CPU
		{65B86CF7-4104-7CD5-41BF-E30C7CC85960}.Debug|Any CPU.ActiveCfg = Debug|Any CPU
		{65B86CF7-4104-7CD5-41BF-E30C7CC85960}.Debug|Any CPU.Build.0 = Debug|Any CPU
		{65B86CF7-4104-7CD5-41BF-E30C7CC85960}.Release|Any CPU.ActiveCfg = Release|Any CPU
		{65B86CF7-4104-7CD5-41BF-E30C7CC85960}.Release|Any CPU.Build.0 = Release|Any CPU
		{FC9D66D9-28B6-5381-B3D7-647DDF25F4D6}.Debug|Any CPU.ActiveCfg = Debug|Any CPU
		{FC9D66D9-28B6-5381-B3D7-647DDF25F4D6}.Debug|Any CPU.Build.0 = Debug|Any CPU
		{FC9D66D9-28B6-5381-B3D7-647DDF25F4D6}.Release|Any CPU.ActiveCfg = Release|Any CPU
		{FC9D66D9-28B6-5381-B3D7-647DDF25F4D6}.Release|Any CPU.Build.0 = Release|Any CPU
		{13BE51EF-4243-AFBA-C638-96AE9E7EA661}.Debug|Any CPU.ActiveCfg = Debug|Any CPU
		{13BE51EF-4243-AFBA-C638-96AE9E7EA661}.Debug|Any CPU.Build.0 = Debug|Any CPU
		{13BE51EF-4243-AFBA-C638-96AE9E7EA661}.Release|Any CPU.ActiveCfg = Release|Any CPU
		{13BE51EF-4243-AFBA-C638-96AE9E7EA661}.Release|Any CPU.Build.0 = Release|Any CPU
		{4B9BBC7B-E28D-3F89-0D8D-2FF6A40D5BD6}.Debug|Any CPU.ActiveCfg = Debug|Any CPU
		{4B9BBC7B-E28D-3F89-0D8D-2FF6A40D5BD6}.Debug|Any CPU.Build.0 = Debug|Any CPU
		{4B9BBC7B-E28D-3F89-0D8D-2FF6A40D5BD6}.Release|Any CPU.ActiveCfg = Release|Any CPU
		{4B9BBC7B-E28D-3F89-0D8D-2FF6A40D5BD6}.Release|Any CPU.Build.0 = Release|Any CPU
		{C2DA471A-D44A-A967-EB52-1E467EC9548F}.Debug|Any CPU.ActiveCfg = Debug|Any CPU
		{C2DA471A-D44A-A967-EB52-1E467EC9548F}.Debug|Any CPU.Build.0 = Debug|Any CPU
		{C2DA471A-D44A-A967-EB52-1E467EC9548F}.Release|Any CPU.ActiveCfg = Release|Any CPU
		{C2DA471A-D44A-A967-EB52-1E467EC9548F}.Release|Any CPU.Build.0 = Release|Any CPU
		{B53256AA-9778-E60E-EDC2-1D810C2ED329}.Debug|Any CPU.ActiveCfg = Debug|Any CPU
		{B53256AA-9778-E60E-EDC2-1D810C2ED329}.Debug|Any CPU.Build.0 = Debug|Any CPU
		{B53256AA-9778-E60E-EDC2-1D810C2ED329}.Release|Any CPU.ActiveCfg = Release|Any CPU
		{B53256AA-9778-E60E-EDC2-1D810C2ED329}.Release|Any CPU.Build.0 = Release|Any CPU
		{59F56ABD-C8A0-2DDA-B0BE-7A6846CFD958}.Debug|Any CPU.ActiveCfg = Debug|Any CPU
		{59F56ABD-C8A0-2DDA-B0BE-7A6846CFD958}.Debug|Any CPU.Build.0 = Debug|Any CPU
		{59F56ABD-C8A0-2DDA-B0BE-7A6846CFD958}.Release|Any CPU.ActiveCfg = Release|Any CPU
		{59F56ABD-C8A0-2DDA-B0BE-7A6846CFD958}.Release|Any CPU.Build.0 = Release|Any CPU
		{FBFC1217-3CE4-FD6B-8C40-8B2E3E6F40E2}.Debug|Any CPU.ActiveCfg = Debug|Any CPU
		{FBFC1217-3CE4-FD6B-8C40-8B2E3E6F40E2}.Debug|Any CPU.Build.0 = Debug|Any CPU
		{FBFC1217-3CE4-FD6B-8C40-8B2E3E6F40E2}.Release|Any CPU.ActiveCfg = Release|Any CPU
		{FBFC1217-3CE4-FD6B-8C40-8B2E3E6F40E2}.Release|Any CPU.Build.0 = Release|Any CPU
		{DDC725ED-954E-5C45-EEAD-8ABF8B47285C}.Debug|Any CPU.ActiveCfg = Debug|Any CPU
		{DDC725ED-954E-5C45-EEAD-8ABF8B47285C}.Debug|Any CPU.Build.0 = Debug|Any CPU
		{DDC725ED-954E-5C45-EEAD-8ABF8B47285C}.Release|Any CPU.ActiveCfg = Release|Any CPU
		{DDC725ED-954E-5C45-EEAD-8ABF8B47285C}.Release|Any CPU.Build.0 = Release|Any CPU
		{06F40255-D4E9-2C0F-E20F-F751F688CF24}.Debug|Any CPU.ActiveCfg = Debug|Any CPU
		{06F40255-D4E9-2C0F-E20F-F751F688CF24}.Debug|Any CPU.Build.0 = Debug|Any CPU
		{06F40255-D4E9-2C0F-E20F-F751F688CF24}.Release|Any CPU.ActiveCfg = Release|Any CPU
		{06F40255-D4E9-2C0F-E20F-F751F688CF24}.Release|Any CPU.Build.0 = Release|Any CPU
		{54188414-E5E7-A47E-AC21-3A07060D143B}.Debug|Any CPU.ActiveCfg = Debug|Any CPU
		{54188414-E5E7-A47E-AC21-3A07060D143B}.Debug|Any CPU.Build.0 = Debug|Any CPU
		{54188414-E5E7-A47E-AC21-3A07060D143B}.Release|Any CPU.ActiveCfg = Release|Any CPU
		{54188414-E5E7-A47E-AC21-3A07060D143B}.Release|Any CPU.Build.0 = Release|Any CPU
		{C7965262-4660-E484-8990-33C3A91AABAD}.Debug|Any CPU.ActiveCfg = Debug|Any CPU
		{C7965262-4660-E484-8990-33C3A91AABAD}.Debug|Any CPU.Build.0 = Debug|Any CPU
		{C7965262-4660-E484-8990-33C3A91AABAD}.Release|Any CPU.ActiveCfg = Release|Any CPU
		{C7965262-4660-E484-8990-33C3A91AABAD}.Release|Any CPU.Build.0 = Release|Any CPU
		{867DD9CB-7A24-160C-1565-0B0B88DC8815}.Debug|Any CPU.ActiveCfg = Debug|Any CPU
		{867DD9CB-7A24-160C-1565-0B0B88DC8815}.Debug|Any CPU.Build.0 = Debug|Any CPU
		{867DD9CB-7A24-160C-1565-0B0B88DC8815}.Release|Any CPU.ActiveCfg = Release|Any CPU
		{867DD9CB-7A24-160C-1565-0B0B88DC8815}.Release|Any CPU.Build.0 = Release|Any CPU
		{87FF28A9-51BF-D428-9453-EB8AFC686C0C}.Debug|Any CPU.ActiveCfg = Debug|Any CPU
		{87FF28A9-51BF-D428-9453-EB8AFC686C0C}.Debug|Any CPU.Build.0 = Debug|Any CPU
		{87FF28A9-51BF-D428-9453-EB8AFC686C0C}.Release|Any CPU.ActiveCfg = Release|Any CPU
		{87FF28A9-51BF-D428-9453-EB8AFC686C0C}.Release|Any CPU.Build.0 = Release|Any CPU
	EndGlobalSection
	GlobalSection(SolutionProperties) = preSolution
		HideSolutionNode = FALSE
	EndGlobalSection
EndGlobal
