
Microsoft Visual Studio Solution File, Format Version 11.00
# Visual Studio 2010
Project("{FAE04EC0-301F-11D3-BF4B-00C04F79EFBC}") = "Assembly-CSharp", "Assembly-CSharp.csproj", "{A39F5B98-82CB-05F7-5DB8-671765E482C2}"
EndProject
Project("{FAE04EC0-301F-11D3-BF4B-00C04F79EFBC}") = "Assembly-CSharp-Editor", "Assembly-CSharp-Editor.csproj", "{D7040452-0CFF-72B4-0D09-3C42C8B31221}"
EndProject
Project("{FAE04EC0-301F-11D3-BF4B-00C04F79EFBC}") = "Assembly-CSharp-Editor-firstpass", "Assembly-CSharp-Editor-firstpass.csproj", "{9E57CFBF-1FBE-1941-A78B-51C6D4CFE4DB}"
EndProject
Global
	GlobalSection(SolutionConfigurationPlatforms) = preSolution
		Debug|Any CPU = Debug|Any CPU
		Release|Any CPU = Release|Any CPU
	EndGlobalSection
	GlobalSection(ProjectConfigurationPlatforms) = postSolution
		{A39F5B98-82CB-05F7-5DB8-671765E482C2}.Debug|Any CPU.ActiveCfg = Debug|Any CPU
		{A39F5B98-82CB-05F7-5DB8-671765E482C2}.Debug|Any CPU.Build.0 = Debug|Any CPU
		{A39F5B98-82CB-05F7-5DB8-671765E482C2}.Release|Any CPU.ActiveCfg = Release|Any CPU
		{A39F5B98-82CB-05F7-5DB8-671765E482C2}.Release|Any CPU.Build.0 = Release|Any CPU
		{D7040452-0CFF-72B4-0D09-3C42C8B31221}.Debug|Any CPU.ActiveCfg = Debug|Any CPU
		{D7040452-0CFF-72B4-0D09-3C42C8B31221}.Debug|Any CPU.Build.0 = Debug|Any CPU
		{D7040452-0CFF-72B4-0D09-3C42C8B31221}.Release|Any CPU.ActiveCfg = Release|Any CPU
		{D7040452-0CFF-72B4-0D09-3C42C8B31221}.Release|Any CPU.Build.0 = Release|Any CPU
		{9E57CFBF-1FBE-1941-A78B-51C6D4CFE4DB}.Debug|Any CPU.ActiveCfg = Debug|Any CPU
		{9E57CFBF-1FBE-1941-A78B-51C6D4CFE4DB}.Debug|Any CPU.Build.0 = Debug|Any CPU
		{9E57CFBF-1FBE-1941-A78B-51C6D4CFE4DB}.Release|Any CPU.ActiveCfg = Release|Any CPU
		{9E57CFBF-1FBE-1941-A78B-51C6D4CFE4DB}.Release|Any CPU.Build.0 = Release|Any CPU
	EndGlobalSection
	GlobalSection(SolutionProperties) = preSolution
		HideSolutionNode = FALSE
	EndGlobalSection
EndGlobal
