
Microsoft Visual Studio Solution File, Format Version 12.00
# Visual Studio Version 16
VisualStudioVersion = 16.0.32002.261
MinimumVisualStudioVersion = 10.0.40219.1
Project("{FAE04EC0-301F-11D3-BF4B-00C04F79EFBC}") = "Assembly-CSharp", "Assembly-CSharp.csproj", "{CAEC3BBE-3D47-485C-7771-F0AE24B05E87}"
EndProject
Project("{FAE04EC0-301F-11D3-BF4B-00C04F79EFBC}") = "Assembly-CSharp-Editor", "Assembly-CSharp-Editor.csproj", "{FFCF73CA-007C-238B-ABA4-DB8D93E426D9}"
EndProject
Project("{FAE04EC0-301F-11D3-BF4B-00C04F79EFBC}") = "Assembly-CSharp-Editor-firstpass", "Assembly-CSharp-Editor-firstpass.csproj", "{9E57CFBF-1FBE-1941-A78B-51C6D4CFE4DB}"
EndProject
Global
	GlobalSection(SolutionConfigurationPlatforms) = preSolution
		Debug|Any CPU = Debug|Any CPU
		Release|Any CPU = Release|Any CPU
	EndGlobalSection
	GlobalSection(ProjectConfigurationPlatforms) = postSolution
		{CAEC3BBE-3D47-485C-7771-F0AE24B05E87}.Debug|Any CPU.ActiveCfg = Debug|Any CPU
		{CAEC3BBE-3D47-485C-7771-F0AE24B05E87}.Debug|Any CPU.Build.0 = Debug|Any CPU
		{CAEC3BBE-3D47-485C-7771-F0AE24B05E87}.Release|Any CPU.ActiveCfg = Release|Any CPU
		{CAEC3BBE-3D47-485C-7771-F0AE24B05E87}.Release|Any CPU.Build.0 = Release|Any CPU
		{FFCF73CA-007C-238B-ABA4-DB8D93E426D9}.Debug|Any CPU.ActiveCfg = Debug|Any CPU
		{FFCF73CA-007C-238B-ABA4-DB8D93E426D9}.Debug|Any CPU.Build.0 = Debug|Any CPU
		{FFCF73CA-007C-238B-ABA4-DB8D93E426D9}.Release|Any CPU.ActiveCfg = Release|Any CPU
		{FFCF73CA-007C-238B-ABA4-DB8D93E426D9}.Release|Any CPU.Build.0 = Release|Any CPU
		{9E57CFBF-1FBE-1941-A78B-51C6D4CFE4DB}.Debug|Any CPU.ActiveCfg = Debug|Any CPU
		{9E57CFBF-1FBE-1941-A78B-51C6D4CFE4DB}.Debug|Any CPU.Build.0 = Debug|Any CPU
		{9E57CFBF-1FBE-1941-A78B-51C6D4CFE4DB}.Release|Any CPU.ActiveCfg = Release|Any CPU
		{9E57CFBF-1FBE-1941-A78B-51C6D4CFE4DB}.Release|Any CPU.Build.0 = Release|Any CPU
	EndGlobalSection
	GlobalSection(SolutionProperties) = preSolution
		HideSolutionNode = FALSE
	EndGlobalSection
	GlobalSection(ExtensibilityGlobals) = postSolution
		SolutionGuid = {E1857CBA-7C9A-44FF-B33F-9EA619F95927}
	EndGlobalSection
EndGlobal
