
Microsoft Visual Studio Solution File, Format Version 11.00
# Visual Studio 2010
Project("{FAE04EC0-301F-11D3-BF4B-00C04F79EFBC}") = "Assembly-CSharp", "Assembly-CSharp.csproj", "{CAEC3BBE-3D47-485C-7771-F0AE24B05E87}"
EndProject
Project("{FAE04EC0-301F-11D3-BF4B-00C04F79EFBC}") = "Assembly-CSharp-Editor", "Assembly-CSharp-Editor.csproj", "{FFCF73CA-007C-238B-ABA4-DB8D93E426D9}"
EndProject
Project("{FAE04EC0-301F-11D3-BF4B-00C04F79EFBC}") = "Assembly-CSharp-Editor-firstpass", "Assembly-CSharp-Editor-firstpass.csproj", "{6047330A-3FCB-9555-AF25-4A29CF1DDABB}"
EndProject
Global
	GlobalSection(SolutionConfigurationPlatforms) = preSolution
		Debug|Any CPU = Debug|Any CPU
		Release|Any CPU = Release|Any CPU
	EndGlobalSection
	GlobalSection(ProjectConfigurationPlatforms) = postSolution
		{CAEC3BBE-3D47-485C-7771-F0AE24B05E87}.Debug|Any CPU.ActiveCfg = Debug|Any CPU
		{CAEC3BBE-3D47-485C-7771-F0AE24B05E87}.Debug|Any CPU.Build.0 = Debug|Any CPU
		{CAEC3BBE-3D47-485C-7771-F0AE24B05E87}.Release|Any CPU.ActiveCfg = Release|Any CPU
		{CAEC3BBE-3D47-485C-7771-F0AE24B05E87}.Release|Any CPU.Build.0 = Release|Any CPU
		{FFCF73CA-007C-238B-ABA4-DB8D93E426D9}.Debug|Any CPU.ActiveCfg = Debug|Any CPU
		{FFCF73CA-007C-238B-ABA4-DB8D93E426D9}.Debug|Any CPU.Build.0 = Debug|Any CPU
		{FFCF73CA-007C-238B-ABA4-DB8D93E426D9}.Release|Any CPU.ActiveCfg = Release|Any CPU
		{FFCF73CA-007C-238B-ABA4-DB8D93E426D9}.Release|Any CPU.Build.0 = Release|Any CPU
		{6047330A-3FCB-9555-AF25-4A29CF1DDABB}.Debug|Any CPU.ActiveCfg = Debug|Any CPU
		{6047330A-3FCB-9555-AF25-4A29CF1DDABB}.Debug|Any CPU.Build.0 = Debug|Any CPU
		{6047330A-3FCB-9555-AF25-4A29CF1DDABB}.Release|Any CPU.ActiveCfg = Release|Any CPU
		{6047330A-3FCB-9555-AF25-4A29CF1DDABB}.Release|Any CPU.Build.0 = Release|Any CPU
	EndGlobalSection
	GlobalSection(SolutionProperties) = preSolution
		HideSolutionNode = FALSE
	EndGlobalSection
EndGlobal
